<Solution>
    <Folder Name="/src/">
        <Project Path="src/MeisterProPR.Domain/MeisterProPR.Domain.csproj"/>
        <Project Path="src/MeisterProPR.ProCursor.Contracts/MeisterProPR.ProCursor.Contracts.csproj"/>
        <Project Path="src/MeisterProPR.ProCursor/MeisterProPR.ProCursor.csproj"/>
        <Project Path="src/MeisterProPR.ProCursor.Service/MeisterProPR.ProCursor.Service.csproj"/>
    </Folder>
    <Folder Name="/tests/">
        <Project Path="tests/MeisterProPR.ProCursor.Service.Tests/MeisterProPR.ProCursor.Service.Tests.csproj"/>
    </Folder>
</Solution>
