<Solution>
    <Folder Name="/src/">
        <Project Path="src/MeisterDev.Ai.Providers/MeisterDev.Ai.Providers.csproj" />
        <Project Path="src/MeisterDev.ProPR.Api/MeisterDev.ProPR.Api.csproj" />
        <Project Path="src/MeisterDev.ProPR.Application/MeisterDev.ProPR.Application.csproj" />
        <Project Path="src/MeisterDev.ProPR.Domain/MeisterDev.ProPR.Domain.csproj" />
        <Project Path="src/MeisterDev.ProPR.CodeInsights.Contracts/MeisterDev.ProPR.CodeInsights.Contracts.csproj" />
        <Project Path="src/MeisterDev.ProPR.CodeInsights/MeisterDev.ProPR.CodeInsights.csproj" />
        <Project Path="src/MeisterDev.ProPR.Infrastructure/MeisterDev.ProPR.Infrastructure.csproj" />
        <Project Path="src/MeisterDev.ProPR.Observability/MeisterDev.ProPR.Observability.csproj" />
        <Project Path="src/MeisterDev.ProPR.Web/MeisterDev.ProPR.Web.csproj" />
        <Project Path="src/MeisterDev.ProPR.ProCursor.Contracts/MeisterDev.ProPR.ProCursor.Contracts.csproj" />
        <Project Path="src/MeisterDev.ProPR.ProCursor/MeisterDev.ProPR.ProCursor.csproj" />
        <Project Path="src/MeisterDev.ProPR.ProCursor.Service/MeisterDev.ProPR.ProCursor.Service.csproj" />
        <Project Path="src/MeisterDev.ProPR.ProRV/MeisterDev.ProPR.ProRV.csproj" />
        <Project Path="src/MeisterDev.ProPR.CodeAnalysis.TreeSitter/MeisterDev.ProPR.CodeAnalysis.TreeSitter.csproj" />
        <Project Path="src/MeisterDev.ProPR.CodeAnalysis/MeisterDev.ProPR.CodeAnalysis.csproj" />
        <Project Path="src/MeisterDev.ProPR.CodeAnalysis.Roslyn/MeisterDev.ProPR.CodeAnalysis.Roslyn.csproj" />
    </Folder>
    <Folder Name="/tests/">
        <Project Path="tests/MeisterDev.Ai.Providers.Tests/MeisterDev.Ai.Providers.Tests.csproj" />
        <Project Path="tests/MeisterDev.ProPR.Api.Tests/MeisterDev.ProPR.Api.Tests.csproj" />
        <Project Path="tests/MeisterDev.ProPR.Application.Tests/MeisterDev.ProPR.Application.Tests.csproj" />
        <Project Path="tests/MeisterDev.ProPR.Domain.Tests/MeisterDev.ProPR.Domain.Tests.csproj" />
        <Project Path="tests/MeisterDev.ProPR.TestSupport/MeisterDev.ProPR.TestSupport.csproj" />
        <Project Path="tests/MeisterDev.ProPR.CodeInsights.Tests/MeisterDev.ProPR.CodeInsights.Tests.csproj" />
        <Project Path="tests/MeisterDev.ProPR.Infrastructure.Tests/MeisterDev.ProPR.Infrastructure.Tests.csproj" />
        <Project Path="tests/MeisterDev.ProPR.Observability.Tests/MeisterDev.ProPR.Observability.Tests.csproj" />
        <Project Path="tests/MeisterDev.ProPR.ProCursor.Service.Tests/MeisterDev.ProPR.ProCursor.Service.Tests.csproj" />
        <Project Path="tests/MeisterDev.ProPR.CodeAnalysis.TreeSitter.Tests/MeisterDev.ProPR.CodeAnalysis.TreeSitter.Tests.csproj" />
        <Project Path="tests/MeisterDev.ProPR.CodeAnalysis.Tests/MeisterDev.ProPR.CodeAnalysis.Tests.csproj" />
        <Project Path="tests/MeisterDev.ProPR.CodeAnalysis.Roslyn.Tests/MeisterDev.ProPR.CodeAnalysis.Roslyn.Tests.csproj" />
    </Folder>
</Solution>
